Microsoft Visual Studio Solution File, Format Version 11.00
# Visual Studio 2008

Project("{F22052EB-CF22-1E10-B3E3-67BFEA9BD72C}") = "Spooky Scaro Game", "Assembly-CSharp.csproj", "{FCB23F60-317F-F013-8089-E65CC92C67D7}"
EndProject
Global
	GlobalSection(SolutionConfigurationPlatforms) = preSolution
		Debug|Any CPU = Debug|Any CPU
		Release|Any CPU = Release|Any CPU
	EndGlobalSection
	GlobalSection(ProjectConfigurationPlatforms) = postSolution
		{FCB23F60-317F-F013-8089-E65CC92C67D7}.Debug|Any CPU.ActiveCfg = Debug|Any CPU
		{FCB23F60-317F-F013-8089-E65CC92C67D7}.Debug|Any CPU.Build.0 = Debug|Any CPU
		{FCB23F60-317F-F013-8089-E65CC92C67D7}.Release|Any CPU.ActiveCfg = Release|Any CPU
		{FCB23F60-317F-F013-8089-E65CC92C67D7}.Release|Any CPU.Build.0 = Release|Any CPU
	EndGlobalSection
	GlobalSection(SolutionProperties) = preSolution
		HideSolutionNode = FALSE
	EndGlobalSection
	GlobalSection(MonoDevelopProperties) = preSolution
		StartupItem = Assembly-CSharp.csproj
	EndGlobalSection
EndGlobal
